
Microsoft Visual Studio Solution File, Format Version 12.00
# Visual Studio Version 17
VisualStudioVersion = 17.9.34728.123
MinimumVisualStudioVersion = 10.0.40219.1
Project("{FAE04EC0-301F-11D3-BF4B-00C04F79EFBC}") = "Cod3rsGrowth", "Cod3rsGrowth\Cod3rsGrowth.csproj", "{B99EDB2A-22BA-49E0-ACF2-36086064C163}"
EndProject
Global
	GlobalSection(SolutionConfigurationPlatforms) = preSolution
		Debug|Any CPU = Debug|Any CPU
		Release|Any CPU = Release|Any CPU
	EndGlobalSection
	GlobalSection(ProjectConfigurationPlatforms) = postSolution
		{B99EDB2A-22BA-49E0-ACF2-36086064C163}.Debug|Any CPU.ActiveCfg = Debug|Any CPU
		{B99EDB2A-22BA-49E0-ACF2-36086064C163}.Debug|Any CPU.Build.0 = Debug|Any CPU
		{B99EDB2A-22BA-49E0-ACF2-36086064C163}.Release|Any CPU.ActiveCfg = Release|Any CPU
		{B99EDB2A-22BA-49E0-ACF2-36086064C163}.Release|Any CPU.Build.0 = Release|Any CPU
	EndGlobalSection
	GlobalSection(SolutionProperties) = preSolution
		HideSolutionNode = FALSE
	EndGlobalSection
	GlobalSection(ExtensibilityGlobals) = postSolution
		SolutionGuid = {FF136CDB-B9D1-4FC3-8159-2B1D7CB857DA}
	EndGlobalSection
EndGlobal
